schema: '2.0'
stages:
  reproduce_table_task_1_cbow:
    cmd: cd external/table_repo && docker-compose up --build task_1_cbow
    deps:
    - path: external/table_repo/Dockerfile
      md5: 26c223d7a6c6a04eb18916336607ad51
      size: 546
    - path: external/table_repo/configurations
      md5: c3aa73aac796babc9dbf660b6ddb1aa6.dir
      size: 15354
      nfiles: 6
    - path: external/table_repo/data
      md5: eb7944c72c0939f4870d5998d7f2ca73.dir
      size: 6445664
      nfiles: 10
    - path: external/table_repo/docker-compose.yml
      md5: a0d4357c2b85b66a4cc8aefb25def8ac
      size: 640
    - path: external/table_repo/src
      md5: 72ac4ddfef275e17fe54016059a24a28.dir
      size: 67895
      nfiles: 7
    outs:
    - path: external/table_repo/exp1/cbow_finetune_0_lr_0.0003_schedule_none_epoch_10_feature_edit-context_extra_0_seed_1
      md5: 1fc77a1a8328fcde6900e0435953dde6.dir
      size: 21417222
      nfiles: 7
    - path: external/table_repo/exp1/cbow_finetune_0_lr_0.0003_schedule_none_epoch_10_feature_edit-original_extra_0_seed_1
      md5: 3247aaef3094b0bc24b1185edb9b0fa3.dir
      size: 21417147
      nfiles: 7
    - path: external/table_repo/exp1/cbow_finetune_0_lr_0.0003_schedule_none_epoch_10_feature_edit-original_extra_1_seed_1
      md5: f27622452c122a783dea17cb5fe6dcb0.dir
      size: 21416839
      nfiles: 7
    - path: external/table_repo/exp1/cbow_finetune_0_lr_0.001_schedule_none_epoch_10_feature_edit-context_extra_1_seed_1
      md5: 46757fb68fd3a1b17bde4b10fb7bdeba.dir
      size: 21417007
      nfiles: 7
    - path: external/table_repo/exp1/cbow_finetune_1_lr_0.0003_schedule_none_epoch_10_feature_edit-context_extra_0_seed_1
      md5: 5c4e78b965548965966dec773c1a8ca3.dir
      size: 21416992
      nfiles: 7
    - path: external/table_repo/exp1/cbow_finetune_1_lr_0.0003_schedule_none_epoch_10_feature_edit-context_extra_1_seed_1
      md5: 16b4016fe3816dd98d5e930a6407b41a.dir
      size: 21416902
      nfiles: 7
    - path: external/table_repo/exp1/cbow_finetune_1_lr_0.001_schedule_none_epoch_10_feature_edit-original_extra_0_seed_1
      md5: af32956fc3d682860a19581fe1c2e004.dir
      size: 21416921
      nfiles: 7
    - path: external/table_repo/exp1/cbow_finetune_1_lr_0.001_schedule_none_epoch_10_feature_edit-original_extra_1_seed_1
      md5: 335fc57b3b51a9738eecd4200e1e4950.dir
      size: 21416930
      nfiles: 7
      
  reproduce_table_task_1_bert:
    cmd: cd external/table_repo && docker-compose up --build task_1_bert
    deps:
    - path: external/table_repo/Dockerfile
      md5: 26c223d7a6c6a04eb18916336607ad51
      size: 546
    - path: external/table_repo/configurations
      md5: c3aa73aac796babc9dbf660b6ddb1aa6.dir
      size: 15354
      nfiles: 6
    - path: external/table_repo/data
      md5: eb7944c72c0939f4870d5998d7f2ca73.dir
      size: 6445664
      nfiles: 10
    - path: external/table_repo/docker-compose.yml
      md5: a0d4357c2b85b66a4cc8aefb25def8ac
      size: 640
    - path: external/table_repo/src
      md5: 72ac4ddfef275e17fe54016059a24a28.dir
      size: 67895
      nfiles: 7
    outs:
    - path: external/table_repo/exp1/bert-base-uncased_finetune_0_lr_0.0003_schedule_none_epoch_10_feature_edit-context_extra_1_seed_1
      md5: 7e447622539e78d07f520ed4b4406220.dir
      size: 441462650
      nfiles: 7
    - path: external/table_repo/exp1/bert-base-uncased_finetune_0_lr_0.001_schedule_none_epoch_10_feature_edit-context_extra_0_seed_1
      md5: 42050f83c3d0024103b53475f6972d34.dir
      size: 441465858
      nfiles: 7
    - path: external/table_repo/exp1/bert-base-uncased_finetune_0_lr_0.001_schedule_none_epoch_10_feature_edit-original_extra_0_seed_1
      md5: b0b76cc3448f131b9670fd2e801c76aa.dir
      size: 441462749
      nfiles: 7
    - path: external/table_repo/exp1/bert-base-uncased_finetune_0_lr_0.001_schedule_none_epoch_10_feature_edit-original_extra_1_seed_1
      md5: 257e74a4ea56b0f0f9a18d4ee662557a.dir
      size: 441462615
      nfiles: 7
    - path: external/table_repo/exp1/bert-base-uncased_finetune_1_lr_2e-05_schedule_linear_schedule_with_warmup_epoch_10_feature_edit-context_extra_1_seed_1
      md5: 04846fe2ea771714643965aae1dd2c13.dir
      size: 438321950
      nfiles: 7
    - path: external/table_repo/exp1/bert-base-uncased_finetune_1_lr_2e-05_schedule_linear_schedule_with_warmup_epoch_10_feature_edit-original_extra_0_seed_1
      md5: 74b5d308a32f32ea1ae145e5a011e0fb.dir
      size: 438322019
      nfiles: 7
    - path: external/table_repo/exp1/bert-base-uncased_finetune_1_lr_5e-05_schedule_linear_schedule_with_warmup_epoch_3_feature_edit-context_extra_0_seed_1
      md5: cf352411174fba2b5d1ed13ec24e18f8.dir
      size: 438308403
      nfiles: 7
    - path: external/table_repo/exp1/bert-base-uncased_finetune_1_lr_5e-05_schedule_linear_schedule_with_warmup_epoch_3_feature_edit-original_extra_1_seed_1
      md5: 11ffed4b1cde2583113a6d65e36da45f.dir
      size: 438308437
      nfiles: 7
      
  reproduce_table_task_1_roberta:
    cmd: cd external/table_repo && docker-compose up --build task_1_roberta
    deps:
    - path: external/table_repo/Dockerfile
      md5: 26c223d7a6c6a04eb18916336607ad51
      size: 546
    - path: external/table_repo/configurations
      md5: c3aa73aac796babc9dbf660b6ddb1aa6.dir
      size: 15354
      nfiles: 6
    - path: external/table_repo/data
      md5: eb7944c72c0939f4870d5998d7f2ca73.dir
      size: 6445664
      nfiles: 10
    - path: external/table_repo/docker-compose.yml
      md5: a0d4357c2b85b66a4cc8aefb25def8ac
      size: 640
    - path: external/table_repo/src
      md5: 72ac4ddfef275e17fe54016059a24a28.dir
      size: 67895
      nfiles: 7
    outs:
    - path: external/table_repo/exp1/roberta-base_finetune_0_lr_0.0003_schedule_none_epoch_10_feature_edit-context_extra_0_seed_1
      md5: 73f0d1c9bfaaade0933a4ea31c033bc7.dir
      size: 502120758
      nfiles: 7
    - path: external/table_repo/exp1/roberta-base_finetune_0_lr_0.0003_schedule_none_epoch_10_feature_edit-context_extra_1_seed_1
      md5: 6ced56d5d43efaa6f8f12ed63891d76e.dir
      size: 502116543
      nfiles: 7
    - path: external/table_repo/exp1/roberta-base_finetune_0_lr_0.0003_schedule_none_epoch_10_feature_edit-original_extra_0_seed_1
      md5: 7905ed173dd5a99e98aa031c349ac3a0.dir
      size: 502116606
      nfiles: 7
    - path: external/table_repo/exp1/roberta-base_finetune_0_lr_0.0003_schedule_none_epoch_10_feature_edit-original_extra_1_seed_1
      md5: 4b18cf9bf3dc517a9c08ec81343b5dd5.dir
      size: 502116508
      nfiles: 7
    - path: external/table_repo/exp1/roberta-base_finetune_1_lr_2e-05_schedule_linear_schedule_with_warmup_epoch_10_feature_edit-context_extra_1_seed_1
      md5: 91eed2c50769107dd207dcb8463383fa.dir
      size: 498975777
      nfiles: 7
    - path: external/table_repo/exp1/roberta-base_finetune_1_lr_2e-05_schedule_linear_schedule_with_warmup_epoch_10_feature_edit-original_extra_0_seed_1
      md5: 0571db1f441bfbfc4b1c60754994245b.dir
      size: 498975844
      nfiles: 7
    - path: external/table_repo/exp1/roberta-base_finetune_1_lr_2e-05_schedule_linear_schedule_with_warmup_epoch_3_feature_edit-original_extra_1_seed_1
      md5: f9b9296a1e306a9d294573442b59788a.dir
      size: 498962201
      nfiles: 7
    - path: external/table_repo/exp1/roberta-base_finetune_1_lr_2e-05_schedule_none_epoch_10_feature_edit-context_extra_0_seed_1
      md5: 6413f72d40113ea91c0f998d5d3bc341.dir
      size: 498975599
      nfiles: 7
      
  reproduce_table_task_2_cbow:
    cmd: cd external/table_repo && docker-compose up --build task_2_cbow
    deps:
    - path: external/table_repo/Dockerfile
      md5: 26c223d7a6c6a04eb18916336607ad51
      size: 546
    - path: external/table_repo/configurations
      md5: c3aa73aac796babc9dbf660b6ddb1aa6.dir
      size: 15354
      nfiles: 6
    - path: external/table_repo/data
      md5: eb7944c72c0939f4870d5998d7f2ca73.dir
      size: 6445664
      nfiles: 10
    - path: external/table_repo/docker-compose.yml
      md5: a0d4357c2b85b66a4cc8aefb25def8ac
      size: 640
    - path: external/table_repo/src
      md5: 72ac4ddfef275e17fe54016059a24a28.dir
      size: 67895
      nfiles: 7
    outs:
    - path: external/table_repo/exp2/cbow_finetune_0_lr_0.0003_schedule_none_epoch_10_feature_edit-context_extra_1_seed_1
      md5: 363c255b9d39ccfa0ccc41335eba9b71.dir
      size: 21711430
      nfiles: 7
    - path: external/table_repo/exp2/cbow_finetune_0_lr_0.001_schedule_none_epoch_10_feature_edit-context_extra_0_seed_1
      md5: bad6416dd6f4eddd195ec4942e548775.dir
      size: 21711563
      nfiles: 7
    - path: external/table_repo/exp2/cbow_finetune_0_lr_0.001_schedule_none_epoch_10_feature_edit-original_extra_0_seed_1
      md5: 83c1f96ca7d7433bd70eaa0de0f2fde1.dir
      size: 21711882
      nfiles: 7
    - path: external/table_repo/exp2/cbow_finetune_0_lr_0.001_schedule_none_epoch_10_feature_edit-original_extra_1_seed_1
      md5: 5662729b7f1dfbcb6936743d055d9d98.dir
      size: 21711782
      nfiles: 7
    - path: external/table_repo/exp2/cbow_finetune_1_lr_0.0003_schedule_none_epoch_10_feature_edit-context_extra_0_seed_1
      md5: 903d9469c81b4844feb7c18f1fdff089.dir
      size: 21711342
      nfiles: 7
    - path: external/table_repo/exp2/cbow_finetune_1_lr_0.0003_schedule_none_epoch_10_feature_edit-context_extra_1_seed_1
      md5: dac32c23b9315cdd1bf7c66d46c36c3d.dir
      size: 21711378
      nfiles: 7
    - path: external/table_repo/exp2/cbow_finetune_1_lr_0.0003_schedule_none_epoch_10_feature_edit-original_extra_0_seed_1
      md5: 7eae74b5b1a6d4c5e2fa02907c4a7b92.dir
      size: 21711322
      nfiles: 7
    - path: external/table_repo/exp2/cbow_finetune_1_lr_0.0003_schedule_none_epoch_10_feature_edit-original_extra_1_seed_1
      md5: 9a269fcb0ad7f67a7cf4886d5d338c3c.dir
      size: 21711466
      nfiles: 7
